
Microsoft Visual Studio Solution File, Format Version 12.00
# Visual Studio 2013
VisualStudioVersion = 12.0.31101.0
MinimumVisualStudioVersion = 10.0.40219.1
Project("{FAE04EC0-301F-11D3-BF4B-00C04F79EFBC}") = "eldo", "eldo\eldo.csproj", "{F4380DF9-182E-4C3B-B41B-1F68DB5CF668}"
EndProject
Global
	GlobalSection(SolutionConfigurationPlatforms) = preSolution
		Debug|Any CPU = Debug|Any CPU
		Release|Any CPU = Release|Any CPU
	EndGlobalSection
	GlobalSection(ProjectConfigurationPlatforms) = postSolution
		{F4380DF9-182E-4C3B-B41B-1F68DB5CF668}.Debug|Any CPU.ActiveCfg = Debug|Any CPU
		{F4380DF9-182E-4C3B-B41B-1F68DB5CF668}.Debug|Any CPU.Build.0 = Debug|Any CPU
		{F4380DF9-182E-4C3B-B41B-1F68DB5CF668}.Release|Any CPU.ActiveCfg = Release|Any CPU
		{F4380DF9-182E-4C3B-B41B-1F68DB5CF668}.Release|Any CPU.Build.0 = Release|Any CPU
	EndGlobalSection
	GlobalSection(SolutionProperties) = preSolution
		HideSolutionNode = FALSE
	EndGlobalSection
EndGlobal
